
Microsoft Visual Studio Solution File, Format Version 12.00
# Visual Studio Version 17
VisualStudioVersion = 17.2.32602.215
MinimumVisualStudioVersion = 10.0.40219.1
Project("{FAE04EC0-301F-11D3-BF4B-00C04F79EFBC}") = "WpfApp8", "WpfApp8\WpfApp8.csproj", "{201C055B-DFE6-41AB-B330-99E93791268F}"
EndProject
Global
	GlobalSection(SolutionConfigurationPlatforms) = preSolution
		Debug|Any CPU = Debug|Any CPU
		Release|Any CPU = Release|Any CPU
	EndGlobalSection
	GlobalSection(ProjectConfigurationPlatforms) = postSolution
		{201C055B-DFE6-41AB-B330-99E93791268F}.Debug|Any CPU.ActiveCfg = Debug|Any CPU
		{201C055B-DFE6-41AB-B330-99E93791268F}.Debug|Any CPU.Build.0 = Debug|Any CPU
		{201C055B-DFE6-41AB-B330-99E93791268F}.Release|Any CPU.ActiveCfg = Release|Any CPU
		{201C055B-DFE6-41AB-B330-99E93791268F}.Release|Any CPU.Build.0 = Release|Any CPU
	EndGlobalSection
	GlobalSection(SolutionProperties) = preSolution
		HideSolutionNode = FALSE
	EndGlobalSection
	GlobalSection(ExtensibilityGlobals) = postSolution
		SolutionGuid = {2F469939-5C6C-4629-B26B-5CC0AF3A10C1}
	EndGlobalSection
EndGlobal
